
Microsoft Visual Studio Solution File, Format Version 12.00
# Visual Studio Version 17
VisualStudioVersion = 17.2.32630.192
MinimumVisualStudioVersion = 10.0.40219.1
Project("{FAE04EC0-301F-11D3-BF4B-00C04F79EFBC}") = "AlunosAPI", "AlunosAPI\AlunosAPI.csproj", "{03FF3BBE-04B1-4911-BECF-C1B38405D55A}"
EndProject
Global
	GlobalSection(SolutionConfigurationPlatforms) = preSolution
		Debug|Any CPU = Debug|Any CPU
		Release|Any CPU = Release|Any CPU
	EndGlobalSection
	GlobalSection(ProjectConfigurationPlatforms) = postSolution
		{03FF3BBE-04B1-4911-BECF-C1B38405D55A}.Debug|Any CPU.ActiveCfg = Debug|Any CPU
		{03FF3BBE-04B1-4911-BECF-C1B38405D55A}.Debug|Any CPU.Build.0 = Debug|Any CPU
		{03FF3BBE-04B1-4911-BECF-C1B38405D55A}.Release|Any CPU.ActiveCfg = Release|Any CPU
		{03FF3BBE-04B1-4911-BECF-C1B38405D55A}.Release|Any CPU.Build.0 = Release|Any CPU
	EndGlobalSection
	GlobalSection(SolutionProperties) = preSolution
		HideSolutionNode = FALSE
	EndGlobalSection
	GlobalSection(ExtensibilityGlobals) = postSolution
		SolutionGuid = {4FEF413B-8BB7-47EE-8BC5-EEC9CB8FC56F}
	EndGlobalSection
EndGlobal
